
Microsoft Visual Studio Solution File, Format Version 12.00
# Visual Studio Version 16
VisualStudioVersion = 16.0.30907.101
MinimumVisualStudioVersion = 10.0.40219.1
Project("{9A19103F-16F7-4668-BE54-9A1E7A4F7556}") = "1_Employee", "1_Employee\1_Employee.csproj", "{489F77A6-F0C6-4CAB-906B-FE98A9CF5E68}"
EndProject
Project("{9A19103F-16F7-4668-BE54-9A1E7A4F7556}") = "2_Employee_private", "2_Employee_private\2_Employee_private.csproj", "{5220775A-F45E-4ECF-A659-32E18177166B}"
EndProject
Project("{FAE04EC0-301F-11D3-BF4B-00C04F79EFBC}") = "3_Employees", "3_Employees\3_Employees.csproj", "{FD5C7EA3-A62F-4282-ABD8-C01E571A60EE}"
EndProject
Project("{FAE04EC0-301F-11D3-BF4B-00C04F79EFBC}") = "4_Book", "4_Book\4_Book.csproj", "{59FEB022-FF14-45CC-B6B0-12976884B89B}"
EndProject
Project("{FAE04EC0-301F-11D3-BF4B-00C04F79EFBC}") = "5_Person", "5_Person\5_Person.csproj", "{B99D252E-80C7-4DBA-865B-A796393CEEE7}"
EndProject
Global
	GlobalSection(SolutionConfigurationPlatforms) = preSolution
		Debug|Any CPU = Debug|Any CPU
		Release|Any CPU = Release|Any CPU
	EndGlobalSection
	GlobalSection(ProjectConfigurationPlatforms) = postSolution
		{489F77A6-F0C6-4CAB-906B-FE98A9CF5E68}.Debug|Any CPU.ActiveCfg = Debug|Any CPU
		{489F77A6-F0C6-4CAB-906B-FE98A9CF5E68}.Debug|Any CPU.Build.0 = Debug|Any CPU
		{489F77A6-F0C6-4CAB-906B-FE98A9CF5E68}.Release|Any CPU.ActiveCfg = Release|Any CPU
		{489F77A6-F0C6-4CAB-906B-FE98A9CF5E68}.Release|Any CPU.Build.0 = Release|Any CPU
		{5220775A-F45E-4ECF-A659-32E18177166B}.Debug|Any CPU.ActiveCfg = Debug|Any CPU
		{5220775A-F45E-4ECF-A659-32E18177166B}.Debug|Any CPU.Build.0 = Debug|Any CPU
		{5220775A-F45E-4ECF-A659-32E18177166B}.Release|Any CPU.ActiveCfg = Release|Any CPU
		{5220775A-F45E-4ECF-A659-32E18177166B}.Release|Any CPU.Build.0 = Release|Any CPU
		{FD5C7EA3-A62F-4282-ABD8-C01E571A60EE}.Debug|Any CPU.ActiveCfg = Debug|Any CPU
		{FD5C7EA3-A62F-4282-ABD8-C01E571A60EE}.Debug|Any CPU.Build.0 = Debug|Any CPU
		{FD5C7EA3-A62F-4282-ABD8-C01E571A60EE}.Release|Any CPU.ActiveCfg = Release|Any CPU
		{FD5C7EA3-A62F-4282-ABD8-C01E571A60EE}.Release|Any CPU.Build.0 = Release|Any CPU
		{59FEB022-FF14-45CC-B6B0-12976884B89B}.Debug|Any CPU.ActiveCfg = Debug|Any CPU
		{59FEB022-FF14-45CC-B6B0-12976884B89B}.Debug|Any CPU.Build.0 = Debug|Any CPU
		{59FEB022-FF14-45CC-B6B0-12976884B89B}.Release|Any CPU.ActiveCfg = Release|Any CPU
		{59FEB022-FF14-45CC-B6B0-12976884B89B}.Release|Any CPU.Build.0 = Release|Any CPU
		{B99D252E-80C7-4DBA-865B-A796393CEEE7}.Debug|Any CPU.ActiveCfg = Debug|Any CPU
		{B99D252E-80C7-4DBA-865B-A796393CEEE7}.Debug|Any CPU.Build.0 = Debug|Any CPU
		{B99D252E-80C7-4DBA-865B-A796393CEEE7}.Release|Any CPU.ActiveCfg = Release|Any CPU
		{B99D252E-80C7-4DBA-865B-A796393CEEE7}.Release|Any CPU.Build.0 = Release|Any CPU
	EndGlobalSection
	GlobalSection(SolutionProperties) = preSolution
		HideSolutionNode = FALSE
	EndGlobalSection
	GlobalSection(ExtensibilityGlobals) = postSolution
		SolutionGuid = {907BA2A7-C35B-4396-A218-1A663C2F4C70}
	EndGlobalSection
EndGlobal
